{
  "nodes": {
    "nixpkgs": {
      "locked": {
        "lastModified": 1632418649,
        "narHash": "sha256-4rZspkiQU7zbsuciRRMgoEPkAF/+FSv2jx/VIPxPVx4=",
        "owner": "NixOS",
        "repo": "nixpkgs",
        "rev": "056a3c1fae30d06d14b171b9023743c21a23ec1a",
        "type": "github"
      },
      "original": {
        "owner": "NixOS",
        "ref": "nixos-21.05",
        "repo": "nixpkgs",
        "type": "github"
      }
    },
    "nixpkgs_2": {
      "locked": {
        "lastModified": 1632418649,
        "narHash": "sha256-4rZspkiQU7zbsuciRRMgoEPkAF/+FSv2jx/VIPxPVx4=",
        "owner": "NixOS",
        "repo": "nixpkgs",
        "rev": "056a3c1fae30d06d14b171b9023743c21a23ec1a",
        "type": "github"
      },
      "original": {
        "owner": "NixOS",
        "ref": "nixos-21.05",
        "repo": "nixpkgs",
        "type": "github"
      }
    },
    "rgrunbla": {
      "inputs": {
        "nixpkgs": "nixpkgs_2"
      },
      "locked": {
        "lastModified": 1632587135,
        "narHash": "sha256-eJNCJvjYNNRjMaxsePj4HdpNAn7II0a3eG11Cs5mLrw=",
        "owner": "rgrunbla",
        "repo": "flakes",
        "rev": "8443706f7be2ec96f5c2a63b3f621e683ddd3c27",
        "type": "github"
      },
      "original": {
        "owner": "rgrunbla",
        "repo": "flakes",
        "type": "github"
      }
    },
    "root": {
      "inputs": {
        "nixpkgs": "nixpkgs",
        "rgrunbla": "rgrunbla"
      }
    }
  },
  "root": "root",
  "version": 7
}
